{
  "name": "component.request.handler.secure",
  "version": "1.0.0",
  "lockfileVersion": 1,
  "requires": true,
  "dependencies": {
    "component.request.handler": {
      "version": "git+https://github.com/marchuanv/component.request.handler.git#e6ccb6c20e81956432884469115a217ce0ba4b33",
      "from": "git+https://github.com/marchuanv/component.request.handler.git",
      "requires": {
        "logging": "git+https://github.com/marchuanv/logging.git"
      }
    },
    "logging": {
      "version": "git+https://github.com/marchuanv/logging.git#2fce9de679feeff61828191f82d1ad4cf77e7ad9",
      "from": "git+https://github.com/marchuanv/logging.git",
      "requires": {
        "utils": "git+https://github.com/marchuanv/utils.git"
      }
    },
    "utils": {
      "version": "git+https://github.com/marchuanv/utils.git#6ea14ae995e6d26ae1a07ecb3a299596c6935812",
      "from": "git+https://github.com/marchuanv/utils.git"
    }
  }
}
