{
  "name": "component.request.handler.secure",
  "version": "1.0.0",
  "lockfileVersion": 1,
  "requires": true,
  "dependencies": {
    "component.delegate": {
      "version": "git+https://github.com/marchuanv/component.delegate.git#3618d9530865a2b84d2a8336bc420d2b18b83bf5",
      "from": "git+https://github.com/marchuanv/component.delegate.git",
      "requires": {
        "logging": "git+https://github.com/marchuanv/logging.git",
        "utils": "git+https://github.com/marchuanv/utils.git"
      }
    },
    "component.request": {
      "version": "git+https://github.com/marchuanv/component.request.git#ea7b4f4e087258c6ae1710f0c025625dd4b54d9a",
      "from": "git+https://github.com/marchuanv/component.request.git",
      "dev": true,
      "requires": {
        "logging": "git+https://github.com/marchuanv/logging.git"
      }
    },
    "component.request.deferred": {
      "version": "git+https://github.com/marchuanv/component.request.deferred.git#b51a60154756d224dc53d23470f22921f7de2fe8",
      "from": "git+https://github.com/marchuanv/component.request.deferred.git",
      "dev": true,
      "requires": {
        "component.request": "git+https://github.com/marchuanv/component.request.git",
        "logging": "git+https://github.com/marchuanv/logging.git"
      }
    },
    "component.request.handler": {
      "version": "git+https://github.com/marchuanv/component.request.handler.git#47e5f1dfff5f3baaa92e2f36cb3097e182d889fc",
      "from": "git+https://github.com/marchuanv/component.request.handler.git",
      "requires": {
        "component.delegate": "git+https://github.com/marchuanv/component.delegate.git",
        "logging": "git+https://github.com/marchuanv/logging.git",
        "utils": "git+https://github.com/marchuanv/utils.git"
      }
    },
    "component.request.handler.deferred": {
      "version": "git+https://github.com/marchuanv/component.request.handler.deferred.git#168815921e40795386e383b868e6f9002caadc8f",
      "from": "git+https://github.com/marchuanv/component.request.handler.deferred.git",
      "requires": {
        "component.delegate": "git+https://github.com/marchuanv/component.delegate.git",
        "component.request.handler.route": "git+https://github.com/marchuanv/component.request.handler.route.git",
        "logging": "git+https://github.com/marchuanv/logging.git"
      }
    },
    "component.request.handler.route": {
      "version": "git+https://github.com/marchuanv/component.request.handler.route.git#2f60ab53393a37bfec206e0bafba20c1fb9a5731",
      "from": "git+https://github.com/marchuanv/component.request.handler.route.git",
      "requires": {
        "component.delegate": "git+https://github.com/marchuanv/component.delegate.git",
        "component.request.handler": "git+https://github.com/marchuanv/component.request.handler.git",
        "logging": "git+https://github.com/marchuanv/logging.git"
      }
    },
    "component.request.handler.secure.authenticate": {
      "version": "git+https://github.com/marchuanv/component.request.handler.secure.authenticate.git#358b48a042e95350705a4532a7f7e9de8ecdcce2",
      "from": "git+https://github.com/marchuanv/component.request.handler.secure.authenticate.git",
      "requires": {
        "component.request.handler.user": "git+https://github.com/marchuanv/component.request.handler.user.git",
        "logging": "git+https://github.com/marchuanv/logging.git",
        "utils": "git+https://github.com/marchuanv/utils.git"
      }
    },
    "component.request.handler.user": {
      "version": "git+https://github.com/marchuanv/component.request.handler.user.git#bde1708275961f673891055a633fbd60f341bd3a",
      "from": "git+https://github.com/marchuanv/component.request.handler.user.git",
      "requires": {
        "component.request.handler.deferred": "git+https://github.com/marchuanv/component.request.handler.deferred.git",
        "logging": "git+https://github.com/marchuanv/logging.git",
        "utils": "git+https://github.com/marchuanv/utils.git"
      }
    },
    "component.request.secure": {
      "version": "git+https://github.com/marchuanv/component.request.secure.git#f07ca287e9ca3109368efd34d4002947d5a8e980",
      "from": "git+https://github.com/marchuanv/component.request.secure.git",
      "dev": true,
      "requires": {
        "component.request.deferred": "git+https://github.com/marchuanv/component.request.deferred.git",
        "logging": "git+https://github.com/marchuanv/logging.git"
      }
    },
    "logging": {
      "version": "git+https://github.com/marchuanv/logging.git#6b221ba1a75da76f61844f47922310aa195ffb41",
      "from": "git+https://github.com/marchuanv/logging.git",
      "requires": {
        "utils": "git+https://github.com/marchuanv/utils.git"
      }
    },
    "utils": {
      "version": "git+https://github.com/marchuanv/utils.git#3688e2c18d489d2140daa7fd9c932a53e37d351d",
      "from": "git+https://github.com/marchuanv/utils.git"
    }
  }
}
